
Microsoft Visual Studio Solution File, Format Version 12.00
# Visual Studio Version 17
VisualStudioVersion = 17.2.32526.322
MinimumVisualStudioVersion = 10.0.40219.1
Project("{9A19103F-16F7-4668-BE54-9A1E7A4F7556}") = "ProdutosApi.Backend", "ProdutosApi.Backend.csproj", "{15F54D2C-9CA6-4439-A5BB-92D9D9442602}"
EndProject
Global
	GlobalSection(SolutionConfigurationPlatforms) = preSolution
		Debug|Any CPU = Debug|Any CPU
		Release|Any CPU = Release|Any CPU
	EndGlobalSection
	GlobalSection(ProjectConfigurationPlatforms) = postSolution
		{15F54D2C-9CA6-4439-A5BB-92D9D9442602}.Debug|Any CPU.ActiveCfg = Debug|Any CPU
		{15F54D2C-9CA6-4439-A5BB-92D9D9442602}.Debug|Any CPU.Build.0 = Debug|Any CPU
		{15F54D2C-9CA6-4439-A5BB-92D9D9442602}.Release|Any CPU.ActiveCfg = Release|Any CPU
		{15F54D2C-9CA6-4439-A5BB-92D9D9442602}.Release|Any CPU.Build.0 = Release|Any CPU
	EndGlobalSection
	GlobalSection(SolutionProperties) = preSolution
		HideSolutionNode = FALSE
	EndGlobalSection
	GlobalSection(ExtensibilityGlobals) = postSolution
		SolutionGuid = {28A3AA8B-3E81-4639-8896-6058B695167E}
	EndGlobalSection
EndGlobal
